
Microsoft Visual Studio Solution File, Format Version 12.00
# Visual Studio Version 16
VisualStudioVersion = 16.0.29709.97
MinimumVisualStudioVersion = 10.0.40219.1
Project("{FAE04EC0-301F-11D3-BF4B-00C04F79EFBC}") = "Tyczka-Library_OOPClassHW", "Tyczka-Library_OOPClassHW\Tyczka-Library_OOPClassHW.csproj", "{3D9D45E2-7542-43B8-87A2-F288254232B5}"
EndProject
Global
	GlobalSection(SolutionConfigurationPlatforms) = preSolution
		Debug|Any CPU = Debug|Any CPU
		Release|Any CPU = Release|Any CPU
	EndGlobalSection
	GlobalSection(ProjectConfigurationPlatforms) = postSolution
		{3D9D45E2-7542-43B8-87A2-F288254232B5}.Debug|Any CPU.ActiveCfg = Debug|Any CPU
		{3D9D45E2-7542-43B8-87A2-F288254232B5}.Debug|Any CPU.Build.0 = Debug|Any CPU
		{3D9D45E2-7542-43B8-87A2-F288254232B5}.Release|Any CPU.ActiveCfg = Release|Any CPU
		{3D9D45E2-7542-43B8-87A2-F288254232B5}.Release|Any CPU.Build.0 = Release|Any CPU
	EndGlobalSection
	GlobalSection(SolutionProperties) = preSolution
		HideSolutionNode = FALSE
	EndGlobalSection
	GlobalSection(ExtensibilityGlobals) = postSolution
		SolutionGuid = {D56D5113-1024-4E4E-901C-432EE862BA4B}
	EndGlobalSection
EndGlobal
